# THIS IS AN AUTOGENERATED FILE. DO NOT EDIT THIS FILE DIRECTLY.
# yarn lockfile v1


mobx-state-tree@^5.4.0:
  version "5.4.0"
  resolved "https://registry.yarnpkg.com/mobx-state-tree/-/mobx-state-tree-5.4.0.tgz#d41b7fd90b8d4b063bc32526758417f1100751df"
  integrity sha512-2VuUhAqFklxgGqFNqaZUXYYSQINo8C2SUEP9YfCQrwatHWHqJLlEC7Xb+5WChkev7fubzn3aVuby26Q6h+JeBg==

mobx@^6.12.0:
  version "6.12.0"
  resolved "https://registry.yarnpkg.com/mobx/-/mobx-6.12.0.tgz#72b2685ca5af031aaa49e77a4d76ed67fcbf9135"
  integrity sha512-Mn6CN6meXEnMa0a5u6a5+RKrqRedHBhZGd15AWLk9O6uFY4KYHzImdt8JI8WODo1bjTSRnwXhJox+FCUZhCKCQ==
