# THIS IS AN AUTOGENERATED FILE. DO NOT EDIT THIS FILE DIRECTLY.
# yarn lockfile v1


"@types/google-libphonenumber@^7.4.30":
  version "7.4.30"
  resolved "https://registry.npmjs.org/@types/google-libphonenumber/-/google-libphonenumber-7.4.30.tgz"
  integrity sha512-Td1X1ayRxePEm6/jPHUBs2tT6TzW1lrVB6ZX7ViPGellyzO/0xMNi+wx5nH6jEitjznq276VGIqjK5qAju0XVw==

"@types/mime-types@^2.1.4":
  version "2.1.4"
  resolved "https://registry.npmjs.org/@types/mime-types/-/mime-types-2.1.4.tgz"
  integrity sha512-lfU4b34HOri+kAY5UheuFMWPDOI+OPceBSHZKp69gEyTL/mmJ4cnU6Y/rlme3UL3GyOn6Y42hyIEw0/q8sWx5w==

"@types/mustache@^4.2.5":
  version "4.2.5"
  resolved "https://registry.npmjs.org/@types/mustache/-/mustache-4.2.5.tgz"
  integrity sha512-PLwiVvTBg59tGFL/8VpcGvqOu3L4OuveNvPi0EYbWchRdEVP++yRUXJPFl+CApKEq13017/4Nf7aQ5lTtHUNsA==

"@types/node@^20.11.24":
  version "20.11.24"
  resolved "https://registry.npmjs.org/@types/node/-/node-20.11.24.tgz"
  integrity sha512-Kza43ewS3xoLgCEpQrsT+xRo/EJej1y0kVYGiLFE1NEODXGzTfwiC6tXTLMQskn1X4/Rjlh0MQUvx9W+L9long==
  dependencies:
    undici-types "~5.26.4"

"@types/uuid@^9.0.8":
  version "9.0.8"
  resolved "https://registry.npmjs.org/@types/uuid/-/uuid-9.0.8.tgz"
  integrity sha512-jg+97EGIcY9AGHJJRaaPVgetKDsrTgbRjQ5Msgjh/DQKEFl0DtyRr/VCOyD1T2R1MNeWPK/u7JoGhlDZnKBAfA==

google-libphonenumber@^3.2.40:
  version "3.2.40"
  resolved "https://registry.npmjs.org/google-libphonenumber/-/google-libphonenumber-3.2.40.tgz"
  integrity sha512-bzGxX/vfggcV80LVcibki+JvR91x6zHpBpovDXSfmZUGn6uLzhbYXsWll2a80EG6qTmvf8lt7KZZ/pkMml8ckw==

mime-db@1.52.0:
  version "1.52.0"
  resolved "https://registry.npmjs.org/mime-db/-/mime-db-1.52.0.tgz"
  integrity sha512-sPU4uV7dYlvtWJxwwxHD0PuihVNiE7TyAbQ5SWxDCB9mUYvOgroQOwYQQOKPJ8CIbE+1ETVlOoK1UC2nU3gYvg==

mime-types@^2.1.35:
  version "2.1.35"
  resolved "https://registry.npmjs.org/mime-types/-/mime-types-2.1.35.tgz"
  integrity sha512-ZDY+bPm5zTTF+YpCrAU9nK0UgICYPT0QtT1NZWFv4s++TNkcgVaT0g6+4R2uI4MjQjzysHB1zxuWL50hzaeXiw==
  dependencies:
    mime-db "1.52.0"

moment-timezone@^0.5.47:
  version "0.5.47"
  resolved "https://registry.npmjs.org/moment-timezone/-/moment-timezone-0.5.47.tgz"
  integrity sha512-UbNt/JAWS0m/NJOebR0QMRHBk0hu03r5dx9GK8Cs0AS3I81yDcOc9k+DytPItgVvBP7J6Mf6U2n3BPAacAV9oA==
  dependencies:
    moment "^2.29.4"

moment@^2.29.4, moment@^2.30.1:
  version "2.30.1"
  resolved "https://registry.npmjs.org/moment/-/moment-2.30.1.tgz"
  integrity sha512-uEmtNhbDOrWPFS+hdjFCBfy9f2YoyzRpwcl+DqpC6taX21FzsTLQVbMV/W7PzNSX6x/bhC1zA3c2UQ5NzH6how==

mustache@^4.2.0:
  version "4.2.0"
  resolved "https://registry.npmjs.org/mustache/-/mustache-4.2.0.tgz"
  integrity sha512-71ippSywq5Yb7/tVYyGbkBggbU8H3u5Rz56fH60jGFgr8uHwxs+aSKeqmluIVzM0m0kB7xQjKS6qPfd0b2ZoqQ==

undici-types@~5.26.4:
  version "5.26.5"
  resolved "https://registry.npmjs.org/undici-types/-/undici-types-5.26.5.tgz"
  integrity sha512-JlCMO+ehdEIKqlFxk6IfVoAUVmgz7cU7zD/h9XZ0qzeosSHmUJVOzSQvvYSYWXkFXC+IfLKSIffhv0sVZup6pA==

uuid@^11.0.5:
  version "11.1.0"
  resolved "https://registry.npmjs.org/uuid/-/uuid-11.1.0.tgz"
  integrity sha512-0/A9rDy9P7cJ+8w1c9WD9V//9Wj15Ce2MPz8Ri6032usz+NfePxx5AcN3bN+r6ZL6jEo066/yNYB3tn4pQEx+A==
