# THIS IS AN AUTOGENERATED FILE. DO NOT EDIT THIS FILE DIRECTLY.
# yarn lockfile v1


"@types/google-libphonenumber@^7.4.30":
  version "7.4.30"
  resolved "https://ad7d0981-d2c3-4c08-8218-92dc4c997472.peacom.co/@types/google-libphonenumber/-/google-libphonenumber-7.4.30.tgz#a47ed8f1f237bd43edbd1c8aff24400b0fd9b2fe"
  integrity sha512-Td1X1ayRxePEm6/jPHUBs2tT6TzW1lrVB6ZX7ViPGellyzO/0xMNi+wx5nH6jEitjznq276VGIqjK5qAju0XVw==

"@types/lodash@^4.17.17":
  version "4.17.24"
  resolved "https://ad7d0981-d2c3-4c08-8218-92dc4c997472.peacom.co/@types/lodash/-/lodash-4.17.24.tgz#4ae334fc62c0e915ca8ed8e35dcc6d4eeb29215f"
  integrity sha512-gIW7lQLZbue7lRSWEFql49QJJWThrTFFeIMJdp3eH4tKoxm1OvEPg02rm4wCCSHS0cL3/Fizimb35b7k8atwsQ==

"@types/mime-types@^2.1.4":
  version "2.1.4"
  resolved "https://ad7d0981-d2c3-4c08-8218-92dc4c997472.peacom.co/@types/mime-types/-/mime-types-2.1.4.tgz#93a1933e24fed4fb9e4adc5963a63efcbb3317a2"
  integrity sha512-lfU4b34HOri+kAY5UheuFMWPDOI+OPceBSHZKp69gEyTL/mmJ4cnU6Y/rlme3UL3GyOn6Y42hyIEw0/q8sWx5w==

"@types/mustache@^4.2.5":
  version "4.2.6"
  resolved "https://ad7d0981-d2c3-4c08-8218-92dc4c997472.peacom.co/@types/mustache/-/mustache-4.2.6.tgz#9d4f903f4ad373699b253aa1369727bc5042811f"
  integrity sha512-t+8/QWTAhOFlrF1IVZqKnMRJi84EgkIK5Kh0p2JV4OLywUvCwJPFxbJAl7XAow7DVIHsF+xW9f1MVzg0L6Szjw==

"@types/node@^20.11.24":
  version "20.19.40"
  resolved "https://ad7d0981-d2c3-4c08-8218-92dc4c997472.peacom.co/@types/node/-/node-20.19.40.tgz#80a4a7236e27817636777836ceedb889adf6da2f"
  integrity sha512-xxx6M2IpSTnnKcR0cMvIiohkiCx20/oRPtWGbenFygKCGl3zqUzdNjQ/1V4solq1LU+dgv0nQzeGOuqkqZGg0Q==
  dependencies:
    undici-types "~6.21.0"

"@types/uuid@^9.0.8":
  version "9.0.8"
  resolved "https://ad7d0981-d2c3-4c08-8218-92dc4c997472.peacom.co/@types/uuid/-/uuid-9.0.8.tgz#7545ba4fc3c003d6c756f651f3bf163d8f0f29ba"
  integrity sha512-jg+97EGIcY9AGHJJRaaPVgetKDsrTgbRjQ5Msgjh/DQKEFl0DtyRr/VCOyD1T2R1MNeWPK/u7JoGhlDZnKBAfA==

google-libphonenumber@^3.2.41:
  version "3.2.44"
  resolved "https://ad7d0981-d2c3-4c08-8218-92dc4c997472.peacom.co/google-libphonenumber/-/google-libphonenumber-3.2.44.tgz#694ec9d5581f013b881c4c2937791e973a45f420"
  integrity sha512-9p2TghluF2LTChFMLWsDRD5N78SZDsILdUk4gyqYxBXluCyxoPiOq+Fqt7DKM+LUd33+OgRkdrc+cPR93AypCQ==

lodash@4.17.23:
  version "4.17.23"
  resolved "https://ad7d0981-d2c3-4c08-8218-92dc4c997472.peacom.co/lodash/-/lodash-4.17.23.tgz#f113b0378386103be4f6893388c73d0bde7f2c5a"
  integrity sha512-LgVTMpQtIopCi79SJeDiP0TfWi5CNEc/L/aRdTh3yIvmZXTnheWpKjSZhnvMl8iXbC1tFg9gdHHDMLoV7CnG+w==

mime-db@^1.54.0:
  version "1.54.0"
  resolved "https://ad7d0981-d2c3-4c08-8218-92dc4c997472.peacom.co/mime-db/-/mime-db-1.54.0.tgz#cddb3ee4f9c64530dff640236661d42cb6a314f5"
  integrity sha512-aU5EJuIN2WDemCcAp2vFBfp/m4EAhWJnUNSSw0ixs7/kXbd6Pg64EmwJkNdFhB8aWt1sH2CTXrLxo/iAGV3oPQ==

mime-types@^3.0.1:
  version "3.0.2"
  resolved "https://ad7d0981-d2c3-4c08-8218-92dc4c997472.peacom.co/mime-types/-/mime-types-3.0.2.tgz#39002d4182575d5af036ffa118100f2524b2e2ab"
  integrity sha512-Lbgzdk0h4juoQ9fCKXW4by0UJqj+nOOrI9MJ1sSj4nI8aI2eo1qmvQEie4VD1glsS250n15LsWsYtCugiStS5A==
  dependencies:
    mime-db "^1.54.0"

moment-timezone@^0.5.47:
  version "0.5.48"
  resolved "https://ad7d0981-d2c3-4c08-8218-92dc4c997472.peacom.co/moment-timezone/-/moment-timezone-0.5.48.tgz#111727bb274734a518ae154b5ca589283f058967"
  integrity sha512-f22b8LV1gbTO2ms2j2z13MuPogNoh5UzxL3nzNAYKGraILnbGc9NEE6dyiiiLv46DGRb8A4kg8UKWLjPthxBHw==
  dependencies:
    moment "^2.29.4"

moment@^2.29.4, moment@^2.30.1:
  version "2.30.1"
  resolved "https://ad7d0981-d2c3-4c08-8218-92dc4c997472.peacom.co/moment/-/moment-2.30.1.tgz#f8c91c07b7a786e30c59926df530b4eac96974ae"
  integrity sha512-uEmtNhbDOrWPFS+hdjFCBfy9f2YoyzRpwcl+DqpC6taX21FzsTLQVbMV/W7PzNSX6x/bhC1zA3c2UQ5NzH6how==

mustache@^4.2.0:
  version "4.2.0"
  resolved "https://ad7d0981-d2c3-4c08-8218-92dc4c997472.peacom.co/mustache/-/mustache-4.2.0.tgz#e5892324d60a12ec9c2a73359edca52972bf6f64"
  integrity sha512-71ippSywq5Yb7/tVYyGbkBggbU8H3u5Rz56fH60jGFgr8uHwxs+aSKeqmluIVzM0m0kB7xQjKS6qPfd0b2ZoqQ==

undici-types@~6.21.0:
  version "6.21.0"
  resolved "https://ad7d0981-d2c3-4c08-8218-92dc4c997472.peacom.co/undici-types/-/undici-types-6.21.0.tgz#691d00af3909be93a7faa13be61b3a5b50ef12cb"
  integrity sha512-iwDZqg0QAGrg9Rav5H4n0M64c3mkR59cJ6wQp+7C4nI0gsmExaedaYLNO44eT4AtBBwjbTiGPMlt2Md0T9H9JQ==

uuid@^14.0.0:
  version "14.0.0"
  resolved "https://ad7d0981-d2c3-4c08-8218-92dc4c997472.peacom.co/uuid/-/uuid-14.0.0.tgz#0af883220163d264ffe0c084f6b8a89b9666966d"
  integrity sha512-Qo+uWgilfSmAhXCMav1uYFynlQO7fMFiMVZsQqZRMIXp0O7rR7qjkj+cPvBHLgBqi960QCoo/PH2/6ZtVqKvrg==
